<?xml version="1.0" encoding="UTF-8"?>
<CodeBlocks_project_file>
	<FileVersion major="1" minor="6"/>
	<Project>
		<Option title="01_cmake"/>
		<Option makefile_is_custom="1"/>
		<Option compiler="gcc"/>
		<Option virtualFolders="CMake Files\;"/>
		<Build>
			<Target title="all">
				<Option working_dir="/home/nik/Desktop/G2Repo/01_cmake"/>
				<Option type="4"/>
				<MakeCommands>
					<Build command="/usr/bin/make -f &quot;/home/nik/Desktop/G2Repo/01_cmake/Makefile&quot;  VERBOSE=1 all"/>
					<CompileFile command="/usr/bin/make -f &quot;/home/nik/Desktop/G2Repo/01_cmake/Makefile&quot;  VERBOSE=1 &quot;$file&quot;"/>
					<Clean command="/usr/bin/make -f &quot;/home/nik/Desktop/G2Repo/01_cmake/Makefile&quot;  VERBOSE=1 clean"/>
					<DistClean command="/usr/bin/make -f &quot;/home/nik/Desktop/G2Repo/01_cmake/Makefile&quot;  VERBOSE=1 clean"/>
				</MakeCommands>
			</Target>
			<Target title="rebuild_cache">
				<Option working_dir="/home/nik/Desktop/G2Repo/01_cmake"/>
				<Option type="4"/>
				<MakeCommands>
					<Build command="/usr/bin/make -f &quot;/home/nik/Desktop/G2Repo/01_cmake/Makefile&quot;  VERBOSE=1 rebuild_cache"/>
					<CompileFile command="/usr/bin/make -f &quot;/home/nik/Desktop/G2Repo/01_cmake/Makefile&quot;  VERBOSE=1 &quot;$file&quot;"/>
					<Clean command="/usr/bin/make -f &quot;/home/nik/Desktop/G2Repo/01_cmake/Makefile&quot;  VERBOSE=1 clean"/>
					<DistClean command="/usr/bin/make -f &quot;/home/nik/Desktop/G2Repo/01_cmake/Makefile&quot;  VERBOSE=1 clean"/>
				</MakeCommands>
			</Target>
			<Target title="edit_cache">
				<Option working_dir="/home/nik/Desktop/G2Repo/01_cmake"/>
				<Option type="4"/>
				<MakeCommands>
					<Build command="/usr/bin/make -f &quot;/home/nik/Desktop/G2Repo/01_cmake/Makefile&quot;  VERBOSE=1 edit_cache"/>
					<CompileFile command="/usr/bin/make -f &quot;/home/nik/Desktop/G2Repo/01_cmake/Makefile&quot;  VERBOSE=1 &quot;$file&quot;"/>
					<Clean command="/usr/bin/make -f &quot;/home/nik/Desktop/G2Repo/01_cmake/Makefile&quot;  VERBOSE=1 clean"/>
					<DistClean command="/usr/bin/make -f &quot;/home/nik/Desktop/G2Repo/01_cmake/Makefile&quot;  VERBOSE=1 clean"/>
				</MakeCommands>
			</Target>
			<Target title="utils">
				<Option output="/home/nik/Desktop/G2Repo/01_cmake/libutils.a" prefix_auto="0" extension_auto="0"/>
				<Option working_dir="/home/nik/Desktop/G2Repo/01_cmake"/>
				<Option object_output="./"/>
				<Option type="2"/>
				<Option compiler="gcc"/>
				<Compiler>
					<Add directory="/home/nik/Desktop/G2Repo/01_cmake/../googletest/googletest/googletest/include"/>
				</Compiler>
				<MakeCommands>
					<Build command="/usr/bin/make -f &quot;/home/nik/Desktop/G2Repo/01_cmake/Makefile&quot;  VERBOSE=1 utils"/>
					<CompileFile command="/usr/bin/make -f &quot;/home/nik/Desktop/G2Repo/01_cmake/Makefile&quot;  VERBOSE=1 &quot;$file&quot;"/>
					<Clean command="/usr/bin/make -f &quot;/home/nik/Desktop/G2Repo/01_cmake/Makefile&quot;  VERBOSE=1 clean"/>
					<DistClean command="/usr/bin/make -f &quot;/home/nik/Desktop/G2Repo/01_cmake/Makefile&quot;  VERBOSE=1 clean"/>
				</MakeCommands>
			</Target>
			<Target title="utils/fast">
				<Option output="/home/nik/Desktop/G2Repo/01_cmake/libutils.a" prefix_auto="0" extension_auto="0"/>
				<Option working_dir="/home/nik/Desktop/G2Repo/01_cmake"/>
				<Option object_output="./"/>
				<Option type="2"/>
				<Option compiler="gcc"/>
				<Compiler>
					<Add directory="/home/nik/Desktop/G2Repo/01_cmake/../googletest/googletest/googletest/include"/>
				</Compiler>
				<MakeCommands>
					<Build command="/usr/bin/make -f &quot;/home/nik/Desktop/G2Repo/01_cmake/Makefile&quot;  VERBOSE=1 utils/fast"/>
					<CompileFile command="/usr/bin/make -f &quot;/home/nik/Desktop/G2Repo/01_cmake/Makefile&quot;  VERBOSE=1 &quot;$file&quot;"/>
					<Clean command="/usr/bin/make -f &quot;/home/nik/Desktop/G2Repo/01_cmake/Makefile&quot;  VERBOSE=1 clean"/>
					<DistClean command="/usr/bin/make -f &quot;/home/nik/Desktop/G2Repo/01_cmake/Makefile&quot;  VERBOSE=1 clean"/>
				</MakeCommands>
			</Target>
			<Target title="main.exe">
				<Option output="/home/nik/Desktop/G2Repo/01_cmake/main.exe" prefix_auto="0" extension_auto="0"/>
				<Option working_dir="/home/nik/Desktop/G2Repo/01_cmake"/>
				<Option object_output="./"/>
				<Option type="1"/>
				<Option compiler="gcc"/>
				<Compiler>
					<Add directory="/home/nik/Desktop/G2Repo/01_cmake/../googletest/googletest/googletest/include"/>
				</Compiler>
				<MakeCommands>
					<Build command="/usr/bin/make -f &quot;/home/nik/Desktop/G2Repo/01_cmake/Makefile&quot;  VERBOSE=1 main.exe"/>
					<CompileFile command="/usr/bin/make -f &quot;/home/nik/Desktop/G2Repo/01_cmake/Makefile&quot;  VERBOSE=1 &quot;$file&quot;"/>
					<Clean command="/usr/bin/make -f &quot;/home/nik/Desktop/G2Repo/01_cmake/Makefile&quot;  VERBOSE=1 clean"/>
					<DistClean command="/usr/bin/make -f &quot;/home/nik/Desktop/G2Repo/01_cmake/Makefile&quot;  VERBOSE=1 clean"/>
				</MakeCommands>
			</Target>
			<Target title="main.exe/fast">
				<Option output="/home/nik/Desktop/G2Repo/01_cmake/main.exe" prefix_auto="0" extension_auto="0"/>
				<Option working_dir="/home/nik/Desktop/G2Repo/01_cmake"/>
				<Option object_output="./"/>
				<Option type="1"/>
				<Option compiler="gcc"/>
				<Compiler>
					<Add directory="/home/nik/Desktop/G2Repo/01_cmake/../googletest/googletest/googletest/include"/>
				</Compiler>
				<MakeCommands>
					<Build command="/usr/bin/make -f &quot;/home/nik/Desktop/G2Repo/01_cmake/Makefile&quot;  VERBOSE=1 main.exe/fast"/>
					<CompileFile command="/usr/bin/make -f &quot;/home/nik/Desktop/G2Repo/01_cmake/Makefile&quot;  VERBOSE=1 &quot;$file&quot;"/>
					<Clean command="/usr/bin/make -f &quot;/home/nik/Desktop/G2Repo/01_cmake/Makefile&quot;  VERBOSE=1 clean"/>
					<DistClean command="/usr/bin/make -f &quot;/home/nik/Desktop/G2Repo/01_cmake/Makefile&quot;  VERBOSE=1 clean"/>
				</MakeCommands>
			</Target>
			<Target title="test.exe">
				<Option output="/home/nik/Desktop/G2Repo/01_cmake/test.exe" prefix_auto="0" extension_auto="0"/>
				<Option working_dir="/home/nik/Desktop/G2Repo/01_cmake"/>
				<Option object_output="./"/>
				<Option type="1"/>
				<Option compiler="gcc"/>
				<Compiler>
					<Add directory="/home/nik/Desktop/G2Repo/01_cmake/../googletest/googletest/googletest/include"/>
				</Compiler>
				<MakeCommands>
					<Build command="/usr/bin/make -f &quot;/home/nik/Desktop/G2Repo/01_cmake/Makefile&quot;  VERBOSE=1 test.exe"/>
					<CompileFile command="/usr/bin/make -f &quot;/home/nik/Desktop/G2Repo/01_cmake/Makefile&quot;  VERBOSE=1 &quot;$file&quot;"/>
					<Clean command="/usr/bin/make -f &quot;/home/nik/Desktop/G2Repo/01_cmake/Makefile&quot;  VERBOSE=1 clean"/>
					<DistClean command="/usr/bin/make -f &quot;/home/nik/Desktop/G2Repo/01_cmake/Makefile&quot;  VERBOSE=1 clean"/>
				</MakeCommands>
			</Target>
			<Target title="test.exe/fast">
				<Option output="/home/nik/Desktop/G2Repo/01_cmake/test.exe" prefix_auto="0" extension_auto="0"/>
				<Option working_dir="/home/nik/Desktop/G2Repo/01_cmake"/>
				<Option object_output="./"/>
				<Option type="1"/>
				<Option compiler="gcc"/>
				<Compiler>
					<Add directory="/home/nik/Desktop/G2Repo/01_cmake/../googletest/googletest/googletest/include"/>
				</Compiler>
				<MakeCommands>
					<Build command="/usr/bin/make -f &quot;/home/nik/Desktop/G2Repo/01_cmake/Makefile&quot;  VERBOSE=1 test.exe/fast"/>
					<CompileFile command="/usr/bin/make -f &quot;/home/nik/Desktop/G2Repo/01_cmake/Makefile&quot;  VERBOSE=1 &quot;$file&quot;"/>
					<Clean command="/usr/bin/make -f &quot;/home/nik/Desktop/G2Repo/01_cmake/Makefile&quot;  VERBOSE=1 clean"/>
					<DistClean command="/usr/bin/make -f &quot;/home/nik/Desktop/G2Repo/01_cmake/Makefile&quot;  VERBOSE=1 clean"/>
				</MakeCommands>
			</Target>
		</Build>
		<Unit filename="/home/nik/Desktop/G2Repo/01_cmake/Dummy.h">
			<Option target="main.exe"/>
			<Option target="test.exe"/>
		</Unit>
		<Unit filename="/home/nik/Desktop/G2Repo/01_cmake/main.cpp">
			<Option target="utils"/>
			<Option target="main.exe"/>
		</Unit>
		<Unit filename="/home/nik/Desktop/G2Repo/01_cmake/test.cpp">
			<Option target="utils"/>
			<Option target="test.exe"/>
		</Unit>
		<Unit filename="/home/nik/Desktop/G2Repo/01_cmake/CMakeLists.txt">
			<Option virtualFolder="CMake Files\"/>
		</Unit>
	</Project>
</CodeBlocks_project_file>
